{
  "nodes": {
    "nixpkgs": {
      "locked": {
        "lastModified": 1671658455,
        "narHash": "sha256-TjAtaE6agyVpCLXioPumV0oHUfCfQ+XuqEC2EdlGc2s=",
        "owner": "NixOS",
        "repo": "nixpkgs",
        "rev": "5d6fa6fdeb97ce5763f8bc2fa7b4185c3562c43a",
        "type": "github"
      },
      "original": {
        "owner": "NixOS",
        "repo": "nixpkgs",
        "type": "github"
      }
    },
    "root": {
      "inputs": {
        "nixpkgs": "nixpkgs"
      }
    }
  },
  "root": "root",
  "version": 7
}
